
Microsoft Visual Studio Solution File, Format Version 12.00
# Visual Studio 2012
Project("{FAE04EC0-301F-11D3-BF4B-00C04F79EFBC}") = "ACM.BL", "ACM.BL\ACM.BL.csproj", "{28D37340-7073-4094-A445-4D11EF9D0B79}"
EndProject
Project("{2150E333-8FDC-42A3-9474-1A3956D46DE8}") = "Test", "Test", "{4FCBEE78-5F3D-4AD7-AE74-29EBFC0A3C09}"
EndProject
Project("{FAE04EC0-301F-11D3-BF4B-00C04F79EFBC}") = "ACM.BLTest", "ACM.BLTest\ACM.BLTest.csproj", "{D545B07A-8D47-4946-B756-48553E6F8A4C}"
EndProject
Project("{FAE04EC0-301F-11D3-BF4B-00C04F79EFBC}") = "ACM.REP", "ACM.REP\ACM.REP.csproj", "{965A35B7-B86A-4903-AED9-296C7C067D21}"
EndProject
Project("{FAE04EC0-301F-11D3-BF4B-00C04F79EFBC}") = "ACM.DM", "ACM.DM\ACM.DM.csproj", "{0DECEEFD-0628-47E8-8F71-AF01AFC5EA4D}"
EndProject
Project("{FAE04EC0-301F-11D3-BF4B-00C04F79EFBC}") = "ACM.DMTest", "ACM.DMTest\ACM.DMTest.csproj", "{C5A059A0-0F2E-4A3D-BE88-BD96059A825B}"
EndProject
Project("{FAE04EC0-301F-11D3-BF4B-00C04F79EFBC}") = "ACM.REPTest", "ACM.REPTest\ACM.REPTest.csproj", "{CA041D4E-FEE1-4AA6-A1D5-56BEA2D40106}"
EndProject
Project("{FAE04EC0-301F-11D3-BF4B-00C04F79EFBC}") = "ACM.Common", "ACM.Common\ACM.Common.csproj", "{2FB3F14E-B0E8-4EF3-B63E-4B15897E8A02}"
EndProject
Project("{FAE04EC0-301F-11D3-BF4B-00C04F79EFBC}") = "ACM.DM.DTO", "ACM.DM.DTO\ACM.DM.DTO.csproj", "{3ABC81CF-D6EC-4B19-BD85-4BA31B1AE26C}"
EndProject
Global
	GlobalSection(SolutionConfigurationPlatforms) = preSolution
		Debug|Any CPU = Debug|Any CPU
		Release|Any CPU = Release|Any CPU
	EndGlobalSection
	GlobalSection(ProjectConfigurationPlatforms) = postSolution
		{28D37340-7073-4094-A445-4D11EF9D0B79}.Debug|Any CPU.ActiveCfg = Debug|Any CPU
		{28D37340-7073-4094-A445-4D11EF9D0B79}.Debug|Any CPU.Build.0 = Debug|Any CPU
		{28D37340-7073-4094-A445-4D11EF9D0B79}.Release|Any CPU.ActiveCfg = Release|Any CPU
		{28D37340-7073-4094-A445-4D11EF9D0B79}.Release|Any CPU.Build.0 = Release|Any CPU
		{D545B07A-8D47-4946-B756-48553E6F8A4C}.Debug|Any CPU.ActiveCfg = Debug|Any CPU
		{D545B07A-8D47-4946-B756-48553E6F8A4C}.Debug|Any CPU.Build.0 = Debug|Any CPU
		{D545B07A-8D47-4946-B756-48553E6F8A4C}.Release|Any CPU.ActiveCfg = Release|Any CPU
		{D545B07A-8D47-4946-B756-48553E6F8A4C}.Release|Any CPU.Build.0 = Release|Any CPU
		{965A35B7-B86A-4903-AED9-296C7C067D21}.Debug|Any CPU.ActiveCfg = Debug|Any CPU
		{965A35B7-B86A-4903-AED9-296C7C067D21}.Debug|Any CPU.Build.0 = Debug|Any CPU
		{965A35B7-B86A-4903-AED9-296C7C067D21}.Release|Any CPU.ActiveCfg = Release|Any CPU
		{965A35B7-B86A-4903-AED9-296C7C067D21}.Release|Any CPU.Build.0 = Release|Any CPU
		{0DECEEFD-0628-47E8-8F71-AF01AFC5EA4D}.Debug|Any CPU.ActiveCfg = Debug|Any CPU
		{0DECEEFD-0628-47E8-8F71-AF01AFC5EA4D}.Debug|Any CPU.Build.0 = Debug|Any CPU
		{0DECEEFD-0628-47E8-8F71-AF01AFC5EA4D}.Release|Any CPU.ActiveCfg = Release|Any CPU
		{0DECEEFD-0628-47E8-8F71-AF01AFC5EA4D}.Release|Any CPU.Build.0 = Release|Any CPU
		{C5A059A0-0F2E-4A3D-BE88-BD96059A825B}.Debug|Any CPU.ActiveCfg = Debug|Any CPU
		{C5A059A0-0F2E-4A3D-BE88-BD96059A825B}.Debug|Any CPU.Build.0 = Debug|Any CPU
		{C5A059A0-0F2E-4A3D-BE88-BD96059A825B}.Release|Any CPU.ActiveCfg = Release|Any CPU
		{C5A059A0-0F2E-4A3D-BE88-BD96059A825B}.Release|Any CPU.Build.0 = Release|Any CPU
		{CA041D4E-FEE1-4AA6-A1D5-56BEA2D40106}.Debug|Any CPU.ActiveCfg = Debug|Any CPU
		{CA041D4E-FEE1-4AA6-A1D5-56BEA2D40106}.Debug|Any CPU.Build.0 = Debug|Any CPU
		{CA041D4E-FEE1-4AA6-A1D5-56BEA2D40106}.Release|Any CPU.ActiveCfg = Release|Any CPU
		{CA041D4E-FEE1-4AA6-A1D5-56BEA2D40106}.Release|Any CPU.Build.0 = Release|Any CPU
		{2FB3F14E-B0E8-4EF3-B63E-4B15897E8A02}.Debug|Any CPU.ActiveCfg = Debug|Any CPU
		{2FB3F14E-B0E8-4EF3-B63E-4B15897E8A02}.Debug|Any CPU.Build.0 = Debug|Any CPU
		{2FB3F14E-B0E8-4EF3-B63E-4B15897E8A02}.Release|Any CPU.ActiveCfg = Release|Any CPU
		{2FB3F14E-B0E8-4EF3-B63E-4B15897E8A02}.Release|Any CPU.Build.0 = Release|Any CPU
		{3ABC81CF-D6EC-4B19-BD85-4BA31B1AE26C}.Debug|Any CPU.ActiveCfg = Debug|Any CPU
		{3ABC81CF-D6EC-4B19-BD85-4BA31B1AE26C}.Debug|Any CPU.Build.0 = Debug|Any CPU
		{3ABC81CF-D6EC-4B19-BD85-4BA31B1AE26C}.Release|Any CPU.ActiveCfg = Release|Any CPU
		{3ABC81CF-D6EC-4B19-BD85-4BA31B1AE26C}.Release|Any CPU.Build.0 = Release|Any CPU
	EndGlobalSection
	GlobalSection(SolutionProperties) = preSolution
		HideSolutionNode = FALSE
	EndGlobalSection
	GlobalSection(NestedProjects) = preSolution
		{D545B07A-8D47-4946-B756-48553E6F8A4C} = {4FCBEE78-5F3D-4AD7-AE74-29EBFC0A3C09}
		{C5A059A0-0F2E-4A3D-BE88-BD96059A825B} = {4FCBEE78-5F3D-4AD7-AE74-29EBFC0A3C09}
		{CA041D4E-FEE1-4AA6-A1D5-56BEA2D40106} = {4FCBEE78-5F3D-4AD7-AE74-29EBFC0A3C09}
	EndGlobalSection
EndGlobal
